{
  "name": "microservices-demo",
  "version": "1.0.0",
  "lockfileVersion": 3,
  "requires": true,
  "packages": {
    "": {
      "name": "microservices-demo",
      "version": "1.0.0",
      "license": "ISC",
      "dependencies": {
        "simple-statistics": "^7.8.8"
      }
    },
    "node_modules/simple-statistics": {
      "version": "7.8.8",
      "resolved": "https://registry.npmjs.org/simple-statistics/-/simple-statistics-7.8.8.tgz",
      "integrity": "sha512-CUtP0+uZbcbsFpqEyvNDYjJCl+612fNgjT8GaVuvMG7tBuJg8gXGpsP5M7X658zy0IcepWOZ6nPBu1Qb9ezA1w==",
      "license": "ISC",
      "engines": {
        "node": "*"
      }
    }
  }
}
